
Microsoft Visual Studio Solution File, Format Version 12.00
# Visual Studio Version 16
VisualStudioVersion = 16.0.30717.126
MinimumVisualStudioVersion = 10.0.40219.1
Project("{9A19103F-16F7-4668-BE54-9A1E7A4F7556}") = "KSPHelperWPF", "KSPHelperWPF\KSPHelperWPF.csproj", "{7C525F42-365B-4BE2-910A-1272CA3B1C7D}"
EndProject
Project("{9A19103F-16F7-4668-BE54-9A1E7A4F7556}") = "KSPModelLibrary", "KSPModelLibrary\KSPModelLibrary.csproj", "{F76A46C3-3440-44CD-A316-9191CAB3D1BD}"
EndProject
Project("{9A19103F-16F7-4668-BE54-9A1E7A4F7556}") = "ConfigReaderLibrary", "ConfigReaderLibrary\ConfigReaderLibrary.csproj", "{9963AFFD-0AEE-4A20-9EE8-2C039B20FCD6}"
EndProject
Project("{9A19103F-16F7-4668-BE54-9A1E7A4F7556}") = "FileSearchLibrary", "..\..\..\Libraries\FileSearchLibrary\FileSearchLibrary\FileSearchLibrary.csproj", "{DC71D38A-255D-4B91-9FD3-E040246576D1}"
EndProject
Project("{9A19103F-16F7-4668-BE54-9A1E7A4F7556}") = "JsonReaderLibrary", "..\..\..\Libraries\JsonReaderLibrary\JsonReaderLibrary\JsonReaderLibrary.csproj", "{722D7329-2F28-49FF-A72B-4139F8BEF551}"
EndProject
Project("{9A19103F-16F7-4668-BE54-9A1E7A4F7556}") = "CustomDataTypeLibrary", "..\..\..\Libraries\CustomDataTypeLibrary\CustomDataTypeLibrary\CustomDataTypeLibrary.csproj", "{5F508962-A8EC-4F1C-91F6-55DE6CCEA3B9}"
EndProject
Global
	GlobalSection(SolutionConfigurationPlatforms) = preSolution
		Debug|Any CPU = Debug|Any CPU
		Release|Any CPU = Release|Any CPU
	EndGlobalSection
	GlobalSection(ProjectConfigurationPlatforms) = postSolution
		{7C525F42-365B-4BE2-910A-1272CA3B1C7D}.Debug|Any CPU.ActiveCfg = Debug|Any CPU
		{7C525F42-365B-4BE2-910A-1272CA3B1C7D}.Debug|Any CPU.Build.0 = Debug|Any CPU
		{7C525F42-365B-4BE2-910A-1272CA3B1C7D}.Release|Any CPU.ActiveCfg = Release|Any CPU
		{7C525F42-365B-4BE2-910A-1272CA3B1C7D}.Release|Any CPU.Build.0 = Release|Any CPU
		{F76A46C3-3440-44CD-A316-9191CAB3D1BD}.Debug|Any CPU.ActiveCfg = Debug|Any CPU
		{F76A46C3-3440-44CD-A316-9191CAB3D1BD}.Debug|Any CPU.Build.0 = Debug|Any CPU
		{F76A46C3-3440-44CD-A316-9191CAB3D1BD}.Release|Any CPU.ActiveCfg = Release|Any CPU
		{F76A46C3-3440-44CD-A316-9191CAB3D1BD}.Release|Any CPU.Build.0 = Release|Any CPU
		{9963AFFD-0AEE-4A20-9EE8-2C039B20FCD6}.Debug|Any CPU.ActiveCfg = Debug|Any CPU
		{9963AFFD-0AEE-4A20-9EE8-2C039B20FCD6}.Debug|Any CPU.Build.0 = Debug|Any CPU
		{9963AFFD-0AEE-4A20-9EE8-2C039B20FCD6}.Release|Any CPU.ActiveCfg = Release|Any CPU
		{9963AFFD-0AEE-4A20-9EE8-2C039B20FCD6}.Release|Any CPU.Build.0 = Release|Any CPU
		{DC71D38A-255D-4B91-9FD3-E040246576D1}.Debug|Any CPU.ActiveCfg = Debug|Any CPU
		{DC71D38A-255D-4B91-9FD3-E040246576D1}.Debug|Any CPU.Build.0 = Debug|Any CPU
		{DC71D38A-255D-4B91-9FD3-E040246576D1}.Release|Any CPU.ActiveCfg = Release|Any CPU
		{DC71D38A-255D-4B91-9FD3-E040246576D1}.Release|Any CPU.Build.0 = Release|Any CPU
		{722D7329-2F28-49FF-A72B-4139F8BEF551}.Debug|Any CPU.ActiveCfg = Debug|Any CPU
		{722D7329-2F28-49FF-A72B-4139F8BEF551}.Debug|Any CPU.Build.0 = Debug|Any CPU
		{722D7329-2F28-49FF-A72B-4139F8BEF551}.Release|Any CPU.ActiveCfg = Release|Any CPU
		{722D7329-2F28-49FF-A72B-4139F8BEF551}.Release|Any CPU.Build.0 = Release|Any CPU
		{5F508962-A8EC-4F1C-91F6-55DE6CCEA3B9}.Debug|Any CPU.ActiveCfg = Debug|Any CPU
		{5F508962-A8EC-4F1C-91F6-55DE6CCEA3B9}.Debug|Any CPU.Build.0 = Debug|Any CPU
		{5F508962-A8EC-4F1C-91F6-55DE6CCEA3B9}.Release|Any CPU.ActiveCfg = Release|Any CPU
		{5F508962-A8EC-4F1C-91F6-55DE6CCEA3B9}.Release|Any CPU.Build.0 = Release|Any CPU
	EndGlobalSection
	GlobalSection(SolutionProperties) = preSolution
		HideSolutionNode = FALSE
	EndGlobalSection
	GlobalSection(ExtensibilityGlobals) = postSolution
		SolutionGuid = {4D9C162C-98A5-4610-BA39-81F4E9CE5801}
	EndGlobalSection
EndGlobal
